
Microsoft Visual Studio Solution File, Format Version 12.00
# Visual Studio Version 16
VisualStudioVersion = 16.0.29926.136
MinimumVisualStudioVersion = 10.0.40219.1
Project("{FAE04EC0-301F-11D3-BF4B-00C04F79EFBC}") = "ConsoleApp1", "ConsoleApp1\ConsoleApp1.csproj", "{3AC40F8F-6B06-485D-9420-78336AE24CB1}"
EndProject
Global
	GlobalSection(SolutionConfigurationPlatforms) = preSolution
		Debug|Any CPU = Debug|Any CPU
		Release|Any CPU = Release|Any CPU
	EndGlobalSection
	GlobalSection(ProjectConfigurationPlatforms) = postSolution
		{3AC40F8F-6B06-485D-9420-78336AE24CB1}.Debug|Any CPU.ActiveCfg = Debug|Any CPU
		{3AC40F8F-6B06-485D-9420-78336AE24CB1}.Debug|Any CPU.Build.0 = Debug|Any CPU
		{3AC40F8F-6B06-485D-9420-78336AE24CB1}.Release|Any CPU.ActiveCfg = Release|Any CPU
		{3AC40F8F-6B06-485D-9420-78336AE24CB1}.Release|Any CPU.Build.0 = Release|Any CPU
	EndGlobalSection
	GlobalSection(SolutionProperties) = preSolution
		HideSolutionNode = FALSE
	EndGlobalSection
	GlobalSection(ExtensibilityGlobals) = postSolution
		SolutionGuid = {0433D007-D161-4BED-A51B-5CDE3168E0B3}
	EndGlobalSection
EndGlobal
